
Microsoft Visual Studio Solution File, Format Version 12.00
# Visual Studio 14
VisualStudioVersion = 14.0.25420.1
MinimumVisualStudioVersion = 10.0.40219.1
Project("{FAE04EC0-301F-11D3-BF4B-00C04F79EFBC}") = "DayApp", "DayApp\DayApp.csproj", "{CFE2E8E5-65AC-41A5-B612-B5649201F66E}"
EndProject
Project("{CC5FD16D-436D-48AD-A40C-5A424C6E3E79}") = "DayApp.Azure", "DayApp.Azure\DayApp.Azure.ccproj", "{7430576D-D140-418C-BF8E-54E51FE3AE19}"
EndProject
Global
	GlobalSection(SolutionConfigurationPlatforms) = preSolution
		Debug|Any CPU = Debug|Any CPU
		Release|Any CPU = Release|Any CPU
	EndGlobalSection
	GlobalSection(ProjectConfigurationPlatforms) = postSolution
		{CFE2E8E5-65AC-41A5-B612-B5649201F66E}.Debug|Any CPU.ActiveCfg = Debug|Any CPU
		{CFE2E8E5-65AC-41A5-B612-B5649201F66E}.Debug|Any CPU.Build.0 = Debug|Any CPU
		{CFE2E8E5-65AC-41A5-B612-B5649201F66E}.Release|Any CPU.ActiveCfg = Release|Any CPU
		{CFE2E8E5-65AC-41A5-B612-B5649201F66E}.Release|Any CPU.Build.0 = Release|Any CPU
		{7430576D-D140-418C-BF8E-54E51FE3AE19}.Debug|Any CPU.ActiveCfg = Debug|Any CPU
		{7430576D-D140-418C-BF8E-54E51FE3AE19}.Debug|Any CPU.Build.0 = Debug|Any CPU
		{7430576D-D140-418C-BF8E-54E51FE3AE19}.Release|Any CPU.ActiveCfg = Release|Any CPU
		{7430576D-D140-418C-BF8E-54E51FE3AE19}.Release|Any CPU.Build.0 = Release|Any CPU
	EndGlobalSection
	GlobalSection(SolutionProperties) = preSolution
		HideSolutionNode = FALSE
	EndGlobalSection
EndGlobal
